<Solution>
  <Folder Name="/IdentityService/">
    <Project Path="src/Services/IdentityService/IdentityService.Api/IdentityService.Api.csproj" />
    <Project Path="src/Services/IdentityService/IdentityService.Application/IdentityService.Application.csproj" />
    <Project Path="src/Services/IdentityService/IdentityService.Domain/IdentityService.Domain.csproj" />
    <Project Path="src/Services/IdentityService/IdentityService.Infrastructure/IdentityService.Infrastructure.csproj" />
  </Folder>
  <Folder Name="/NotificationService/">
    <Project Path="src/Services/NotificationService/NotificationService.Api/NotificationService.Api.csproj" />
    <Project Path="src/Services/NotificationService/NotificationService.Application/NotificationService.Application.csproj" Id="3e8f492b-91d9-41ed-a1b9-aa96c8fbf296" />
    <Project Path="src/Services/NotificationService/NotificationService.Domain/NotificationService.Domain.csproj" Id="5d97c8b0-a5a7-4978-bc54-722f89e2ca7a" />
    <Project Path="src/Services/NotificationService/NotificationService.Infrastructure/NotificationService.Infrastructure.csproj" />
  </Folder>
  <Folder Name="/Shared/">
    <Project Path="src/Services/Shared/Shared.Application/Shared.Application.csproj" />
    <Project Path="src/Services/Shared/Shared.Infrastructure/Shared.Infrastructure.csproj" />
  </Folder>
  <Folder Name="/TicketService/">
    <Project Path="src/Services/TicketService/TicketService.Api/TicketService.Api.csproj" />
    <Project Path="src/Services/TicketService/TicketService.Application/TicketService.Application.csproj" />
    <Project Path="src/Services/TicketService/TicketService.Domain/TicketService.Domain.csproj" />
    <Project Path="src/Services/TicketService/TicketService.Infrastructure/TicketService.Infrastructure.csproj" />
  </Folder>
</Solution>
