<Solution>
  <Folder Name="/IdentityService/">
    <Project Path="IdentityService.Api/IdentityService.Api.csproj" Id="44190cce-42ef-4f6e-9a44-11cd86e76576" />
    <Project Path="IdentityService.Application/IdentityService.Application.csproj" Id="3e95c7c2-8f1f-4af0-bbc8-a79b9935d0cd" />
    <Project Path="IdentityService.Domain/IdentityService.Domain.csproj" Id="6195d3ad-81a9-4225-ab65-2ff2d835b139" />
    <Project Path="IdentityService.Infrastructure/IdentityService.Infrastructure.csproj" Id="6e8ca7ba-edfb-4322-a412-faf40709c7fc" />
  </Folder>
  <Folder Name="/TicketService/">
    <Project Path="src/Services/TicketService/TicketService.Api/TicketService.Api.csproj" />
    <Project Path="src/Services/TicketService/TicketService.Application/TicketService.Application.csproj" />
    <Project Path="src/Services/TicketService/TicketService.Domain/TicketService.Domain.csproj" />
    <Project Path="src/Services/TicketService/TicketService.Infrastructure/TicketService.Infrastructure.csproj" />
  </Folder>
</Solution>
