<Solution>
  <Folder Name="/TicketService/">
    <Project Path="src/Services/TicketService/TicketService.Api/TicketService.Api.csproj" />
    <Project Path="src/Services/TicketService/TicketService.Application/TicketService.Application.csproj" />
    <Project Path="src/Services/TicketService/TicketService.Domain/TicketService.Domain.csproj" />
    <Project Path="src/Services/TicketService/TicketService.Infrastructure/TicketService.Infrastructure.csproj" />
  </Folder>
</Solution>
